
Microsoft Visual Studio Solution File, Format Version 12.00
# Visual Studio Version 16
VisualStudioVersion = 16.0.31025.194
MinimumVisualStudioVersion = 10.0.40219.1
Project("{FAE04EC0-301F-11D3-BF4B-00C04F79EFBC}") = "ReservationMng", "ReservationMng.csproj", "{1CD26066-6131-4D17-818C-F699781C51F5}"
EndProject
Global
	GlobalSection(SolutionConfigurationPlatforms) = preSolution
		Debug|Any CPU = Debug|Any CPU
		Release|Any CPU = Release|Any CPU
	EndGlobalSection
	GlobalSection(ProjectConfigurationPlatforms) = postSolution
		{1CD26066-6131-4D17-818C-F699781C51F5}.Debug|Any CPU.ActiveCfg = Debug|Any CPU
		{1CD26066-6131-4D17-818C-F699781C51F5}.Debug|Any CPU.Build.0 = Debug|Any CPU
		{1CD26066-6131-4D17-818C-F699781C51F5}.Release|Any CPU.ActiveCfg = Release|Any CPU
		{1CD26066-6131-4D17-818C-F699781C51F5}.Release|Any CPU.Build.0 = Release|Any CPU
	EndGlobalSection
	GlobalSection(SolutionProperties) = preSolution
		HideSolutionNode = FALSE
	EndGlobalSection
	GlobalSection(ExtensibilityGlobals) = postSolution
		SolutionGuid = {61390FC1-A729-4E2B-BAB3-A0F292598025}
	EndGlobalSection
EndGlobal
